
Microsoft Visual Studio Solution File, Format Version 12.00
# Visual Studio 2013
VisualStudioVersion = 12.0.31101.0
MinimumVisualStudioVersion = 10.0.40219.1
Project("{FAE04EC0-301F-11D3-BF4B-00C04F79EFBC}") = "ProUpgradeEditor", "ProUpgradeEditor\ProUpgradeEditor.csproj", "{501A0458-E01C-404D-A55D-11627CC4B48F}"
	ProjectSection(ProjectDependencies) = postProject
		{4269C72A-8D3A-4737-8F89-72EAA33EA9E1} = {4269C72A-8D3A-4737-8F89-72EAA33EA9E1}
		{DD8F2458-BA45-43A9-B433-943B293D069E} = {DD8F2458-BA45-43A9-B433-943B293D069E}
		{F0F523DA-3085-4BE5-AC09-5F680F0E392E} = {F0F523DA-3085-4BE5-AC09-5F680F0E392E}
		{7767D3DD-6E1C-419E-9092-F3F3DDDF3D87} = {7767D3DD-6E1C-419E-9092-F3F3DDDF3D87}
		{EE644FE5-458F-496B-B9E3-0B37921F7D38} = {EE644FE5-458F-496B-B9E3-0B37921F7D38}
	EndProjectSection
EndProject
Project("{FAE04EC0-301F-11D3-BF4B-00C04F79EFBC}") = "ZipLib", "Tools\ZipLib\ZipLib.csproj", "{DD8F2458-BA45-43A9-B433-943B293D069E}"
EndProject
Project("{FAE04EC0-301F-11D3-BF4B-00C04F79EFBC}") = "XPackage", "Tools\XPackage\XPackage\XPackage.csproj", "{EE644FE5-458F-496B-B9E3-0B37921F7D38}"
EndProject
Project("{FAE04EC0-301F-11D3-BF4B-00C04F79EFBC}") = "Sanford.Multimedia.Midi", "Tools\Sanford.Multimedia.Midi\Sanford.Multimedia.Midi.csproj", "{4269C72A-8D3A-4737-8F89-72EAA33EA9E1}"
EndProject
Project("{FAE04EC0-301F-11D3-BF4B-00C04F79EFBC}") = "EditorResources", "Tools\EditorResources\EditorResources.csproj", "{F0F523DA-3085-4BE5-AC09-5F680F0E392E}"
	ProjectSection(ProjectDependencies) = postProject
		{4269C72A-8D3A-4737-8F89-72EAA33EA9E1} = {4269C72A-8D3A-4737-8F89-72EAA33EA9E1}
		{7767D3DD-6E1C-419E-9092-F3F3DDDF3D87} = {7767D3DD-6E1C-419E-9092-F3F3DDDF3D87}
	EndProjectSection
EndProject
Project("{FAE04EC0-301F-11D3-BF4B-00C04F79EFBC}") = "PUECommon", "Tools\PUECommon\PUECommon.csproj", "{7767D3DD-6E1C-419E-9092-F3F3DDDF3D87}"
	ProjectSection(ProjectDependencies) = postProject
		{4269C72A-8D3A-4737-8F89-72EAA33EA9E1} = {4269C72A-8D3A-4737-8F89-72EAA33EA9E1}
	EndProjectSection
EndProject
Project("{FAE04EC0-301F-11D3-BF4B-00C04F79EFBC}") = "MidiViewer", "Tools\MidiViewer\MidiViewer.csproj", "{779D030A-80A5-4D41-90DF-5D4698CB3ED2}"
	ProjectSection(ProjectDependencies) = postProject
		{4269C72A-8D3A-4737-8F89-72EAA33EA9E1} = {4269C72A-8D3A-4737-8F89-72EAA33EA9E1}
		{7767D3DD-6E1C-419E-9092-F3F3DDDF3D87} = {7767D3DD-6E1C-419E-9092-F3F3DDDF3D87}
	EndProjectSection
EndProject
Project("{2150E333-8FDC-42A3-9474-1A3956D46DE8}") = "Solution Items", "Solution Items", "{94ADB0D8-7FAE-4551-B931-1EECFE9E5069}"
	ProjectSection(SolutionItems) = preProject
		Local.testsettings = Local.testsettings
		lib\Sanford.Collections.dll = lib\Sanford.Collections.dll
		lib\Sanford.Multimedia.dll = lib\Sanford.Multimedia.dll
		lib\Sanford.Multimedia.Timers.dll = lib\Sanford.Multimedia.Timers.dll
		lib\Sanford.Threading.dll = lib\Sanford.Threading.dll
		TraceAndTestImpact.testsettings = TraceAndTestImpact.testsettings
	EndProjectSection
EndProject
Project("{FAE04EC0-301F-11D3-BF4B-00C04F79EFBC}") = "NAudio", "Tools\NAudio\NAudio\NAudio.csproj", "{DA4F02E3-0B5E-42CD-B8D9-5583FA51D66E}"
EndProject
Project("{FAE04EC0-301F-11D3-BF4B-00C04F79EFBC}") = "NAudio.WindowsMediaFormat", "Tools\NAudio\NAudio.WindowsMediaFormat\NAudio.WindowsMediaFormat.csproj", "{1868FC77-FD6F-4881-9CF5-DE7451806BFA}"
EndProject
Project("{FAE04EC0-301F-11D3-BF4B-00C04F79EFBC}") = "PitchTracker", "Tools\PitchTracker\PitchTracker.csproj", "{5B3976E0-4948-45EF-933F-056172687C7C}"
EndProject
Global
	GlobalSection(SolutionConfigurationPlatforms) = preSolution
		Debug|Any CPU = Debug|Any CPU
		Debug|Mixed Platforms = Debug|Mixed Platforms
		Debug|x86 = Debug|x86
		Editor Debug|Any CPU = Editor Debug|Any CPU
		Editor Debug|Mixed Platforms = Editor Debug|Mixed Platforms
		Editor Debug|x86 = Editor Debug|x86
		Editor|Any CPU = Editor|Any CPU
		Editor|Mixed Platforms = Editor|Mixed Platforms
		Editor|x86 = Editor|x86
		Form Test|Any CPU = Form Test|Any CPU
		Form Test|Mixed Platforms = Form Test|Mixed Platforms
		Form Test|x86 = Form Test|x86
		Release|Any CPU = Release|Any CPU
		Release|Mixed Platforms = Release|Mixed Platforms
		Release|x86 = Release|x86
	EndGlobalSection
	GlobalSection(ProjectConfigurationPlatforms) = postSolution
		{501A0458-E01C-404D-A55D-11627CC4B48F}.Debug|Any CPU.ActiveCfg = Release|Any CPU
		{501A0458-E01C-404D-A55D-11627CC4B48F}.Debug|Any CPU.Build.0 = Release|Any CPU
		{501A0458-E01C-404D-A55D-11627CC4B48F}.Debug|Mixed Platforms.ActiveCfg = Debug|Any CPU
		{501A0458-E01C-404D-A55D-11627CC4B48F}.Debug|Mixed Platforms.Build.0 = Debug|Any CPU
		{501A0458-E01C-404D-A55D-11627CC4B48F}.Debug|x86.ActiveCfg = Debug|Any CPU
		{501A0458-E01C-404D-A55D-11627CC4B48F}.Editor Debug|Any CPU.ActiveCfg = Debug|Any CPU
		{501A0458-E01C-404D-A55D-11627CC4B48F}.Editor Debug|Any CPU.Build.0 = Debug|Any CPU
		{501A0458-E01C-404D-A55D-11627CC4B48F}.Editor Debug|Mixed Platforms.ActiveCfg = Editor|Any CPU
		{501A0458-E01C-404D-A55D-11627CC4B48F}.Editor Debug|Mixed Platforms.Build.0 = Editor|Any CPU
		{501A0458-E01C-404D-A55D-11627CC4B48F}.Editor Debug|x86.ActiveCfg = Editor|Any CPU
		{501A0458-E01C-404D-A55D-11627CC4B48F}.Editor|Any CPU.ActiveCfg = Editor|Any CPU
		{501A0458-E01C-404D-A55D-11627CC4B48F}.Editor|Any CPU.Build.0 = Editor|Any CPU
		{501A0458-E01C-404D-A55D-11627CC4B48F}.Editor|Mixed Platforms.ActiveCfg = Debug|Any CPU
		{501A0458-E01C-404D-A55D-11627CC4B48F}.Editor|Mixed Platforms.Build.0 = Debug|Any CPU
		{501A0458-E01C-404D-A55D-11627CC4B48F}.Editor|x86.ActiveCfg = Editor|Any CPU
		{501A0458-E01C-404D-A55D-11627CC4B48F}.Form Test|Any CPU.ActiveCfg = Form Test|Any CPU
		{501A0458-E01C-404D-A55D-11627CC4B48F}.Form Test|Any CPU.Build.0 = Form Test|Any CPU
		{501A0458-E01C-404D-A55D-11627CC4B48F}.Form Test|Mixed Platforms.ActiveCfg = Release|Any CPU
		{501A0458-E01C-404D-A55D-11627CC4B48F}.Form Test|Mixed Platforms.Build.0 = Release|Any CPU
		{501A0458-E01C-404D-A55D-11627CC4B48F}.Form Test|x86.ActiveCfg = Form Test|Any CPU
		{501A0458-E01C-404D-A55D-11627CC4B48F}.Release|Any CPU.ActiveCfg = Release|Any CPU
		{501A0458-E01C-404D-A55D-11627CC4B48F}.Release|Any CPU.Build.0 = Release|Any CPU
		{501A0458-E01C-404D-A55D-11627CC4B48F}.Release|Mixed Platforms.ActiveCfg = Release|Any CPU
		{501A0458-E01C-404D-A55D-11627CC4B48F}.Release|Mixed Platforms.Build.0 = Release|Any CPU
		{501A0458-E01C-404D-A55D-11627CC4B48F}.Release|x86.ActiveCfg = Release|Any CPU
		{DD8F2458-BA45-43A9-B433-943B293D069E}.Debug|Any CPU.ActiveCfg = Release|Any CPU
		{DD8F2458-BA45-43A9-B433-943B293D069E}.Debug|Any CPU.Build.0 = Release|Any CPU
		{DD8F2458-BA45-43A9-B433-943B293D069E}.Debug|Mixed Platforms.ActiveCfg = Debug|Any CPU
		{DD8F2458-BA45-43A9-B433-943B293D069E}.Debug|Mixed Platforms.Build.0 = Debug|Any CPU
		{DD8F2458-BA45-43A9-B433-943B293D069E}.Debug|x86.ActiveCfg = Debug|Any CPU
		{DD8F2458-BA45-43A9-B433-943B293D069E}.Editor Debug|Any CPU.ActiveCfg = Release|Any CPU
		{DD8F2458-BA45-43A9-B433-943B293D069E}.Editor Debug|Any CPU.Build.0 = Release|Any CPU
		{DD8F2458-BA45-43A9-B433-943B293D069E}.Editor Debug|Mixed Platforms.ActiveCfg = Editor|Any CPU
		{DD8F2458-BA45-43A9-B433-943B293D069E}.Editor Debug|Mixed Platforms.Build.0 = Editor|Any CPU
		{DD8F2458-BA45-43A9-B433-943B293D069E}.Editor Debug|x86.ActiveCfg = Editor|Any CPU
		{DD8F2458-BA45-43A9-B433-943B293D069E}.Editor|Any CPU.ActiveCfg = Editor|Any CPU
		{DD8F2458-BA45-43A9-B433-943B293D069E}.Editor|Any CPU.Build.0 = Editor|Any CPU
		{DD8F2458-BA45-43A9-B433-943B293D069E}.Editor|Mixed Platforms.ActiveCfg = Release|Any CPU
		{DD8F2458-BA45-43A9-B433-943B293D069E}.Editor|x86.ActiveCfg = Editor|Any CPU
		{DD8F2458-BA45-43A9-B433-943B293D069E}.Form Test|Any CPU.ActiveCfg = Form Test|Any CPU
		{DD8F2458-BA45-43A9-B433-943B293D069E}.Form Test|Any CPU.Build.0 = Form Test|Any CPU
		{DD8F2458-BA45-43A9-B433-943B293D069E}.Form Test|Mixed Platforms.ActiveCfg = Release|Any CPU
		{DD8F2458-BA45-43A9-B433-943B293D069E}.Form Test|Mixed Platforms.Build.0 = Release|Any CPU
		{DD8F2458-BA45-43A9-B433-943B293D069E}.Form Test|x86.ActiveCfg = Form Test|Any CPU
		{DD8F2458-BA45-43A9-B433-943B293D069E}.Release|Any CPU.ActiveCfg = Release|Any CPU
		{DD8F2458-BA45-43A9-B433-943B293D069E}.Release|Any CPU.Build.0 = Release|Any CPU
		{DD8F2458-BA45-43A9-B433-943B293D069E}.Release|Mixed Platforms.ActiveCfg = Release|Any CPU
		{DD8F2458-BA45-43A9-B433-943B293D069E}.Release|Mixed Platforms.Build.0 = Release|Any CPU
		{DD8F2458-BA45-43A9-B433-943B293D069E}.Release|x86.ActiveCfg = Release|Any CPU
		{EE644FE5-458F-496B-B9E3-0B37921F7D38}.Debug|Any CPU.ActiveCfg = Release|Any CPU
		{EE644FE5-458F-496B-B9E3-0B37921F7D38}.Debug|Any CPU.Build.0 = Release|Any CPU
		{EE644FE5-458F-496B-B9E3-0B37921F7D38}.Debug|Mixed Platforms.ActiveCfg = Debug|Any CPU
		{EE644FE5-458F-496B-B9E3-0B37921F7D38}.Debug|Mixed Platforms.Build.0 = Debug|Any CPU
		{EE644FE5-458F-496B-B9E3-0B37921F7D38}.Debug|x86.ActiveCfg = Debug|Any CPU
		{EE644FE5-458F-496B-B9E3-0B37921F7D38}.Editor Debug|Any CPU.ActiveCfg = Release|Any CPU
		{EE644FE5-458F-496B-B9E3-0B37921F7D38}.Editor Debug|Any CPU.Build.0 = Release|Any CPU
		{EE644FE5-458F-496B-B9E3-0B37921F7D38}.Editor Debug|Mixed Platforms.ActiveCfg = Editor|Any CPU
		{EE644FE5-458F-496B-B9E3-0B37921F7D38}.Editor Debug|Mixed Platforms.Build.0 = Editor|Any CPU
		{EE644FE5-458F-496B-B9E3-0B37921F7D38}.Editor Debug|x86.ActiveCfg = Editor|Any CPU
		{EE644FE5-458F-496B-B9E3-0B37921F7D38}.Editor|Any CPU.ActiveCfg = Editor|Any CPU
		{EE644FE5-458F-496B-B9E3-0B37921F7D38}.Editor|Any CPU.Build.0 = Editor|Any CPU
		{EE644FE5-458F-496B-B9E3-0B37921F7D38}.Editor|Mixed Platforms.ActiveCfg = Release|Any CPU
		{EE644FE5-458F-496B-B9E3-0B37921F7D38}.Editor|x86.ActiveCfg = Editor|Any CPU
		{EE644FE5-458F-496B-B9E3-0B37921F7D38}.Form Test|Any CPU.ActiveCfg = Form Test|Any CPU
		{EE644FE5-458F-496B-B9E3-0B37921F7D38}.Form Test|Any CPU.Build.0 = Form Test|Any CPU
		{EE644FE5-458F-496B-B9E3-0B37921F7D38}.Form Test|Mixed Platforms.ActiveCfg = Release|Any CPU
		{EE644FE5-458F-496B-B9E3-0B37921F7D38}.Form Test|Mixed Platforms.Build.0 = Release|Any CPU
		{EE644FE5-458F-496B-B9E3-0B37921F7D38}.Form Test|x86.ActiveCfg = Form Test|Any CPU
		{EE644FE5-458F-496B-B9E3-0B37921F7D38}.Release|Any CPU.ActiveCfg = Release|Any CPU
		{EE644FE5-458F-496B-B9E3-0B37921F7D38}.Release|Any CPU.Build.0 = Release|Any CPU
		{EE644FE5-458F-496B-B9E3-0B37921F7D38}.Release|Mixed Platforms.ActiveCfg = Release|Any CPU
		{EE644FE5-458F-496B-B9E3-0B37921F7D38}.Release|Mixed Platforms.Build.0 = Release|Any CPU
		{EE644FE5-458F-496B-B9E3-0B37921F7D38}.Release|x86.ActiveCfg = Release|Any CPU
		{4269C72A-8D3A-4737-8F89-72EAA33EA9E1}.Debug|Any CPU.ActiveCfg = Release|Any CPU
		{4269C72A-8D3A-4737-8F89-72EAA33EA9E1}.Debug|Any CPU.Build.0 = Release|Any CPU
		{4269C72A-8D3A-4737-8F89-72EAA33EA9E1}.Debug|Mixed Platforms.ActiveCfg = Debug|Any CPU
		{4269C72A-8D3A-4737-8F89-72EAA33EA9E1}.Debug|Mixed Platforms.Build.0 = Debug|Any CPU
		{4269C72A-8D3A-4737-8F89-72EAA33EA9E1}.Debug|x86.ActiveCfg = Debug|Any CPU
		{4269C72A-8D3A-4737-8F89-72EAA33EA9E1}.Editor Debug|Any CPU.ActiveCfg = Release|Any CPU
		{4269C72A-8D3A-4737-8F89-72EAA33EA9E1}.Editor Debug|Any CPU.Build.0 = Release|Any CPU
		{4269C72A-8D3A-4737-8F89-72EAA33EA9E1}.Editor Debug|Mixed Platforms.ActiveCfg = Editor|Any CPU
		{4269C72A-8D3A-4737-8F89-72EAA33EA9E1}.Editor Debug|Mixed Platforms.Build.0 = Editor|Any CPU
		{4269C72A-8D3A-4737-8F89-72EAA33EA9E1}.Editor Debug|x86.ActiveCfg = Editor|Any CPU
		{4269C72A-8D3A-4737-8F89-72EAA33EA9E1}.Editor|Any CPU.ActiveCfg = Editor|Any CPU
		{4269C72A-8D3A-4737-8F89-72EAA33EA9E1}.Editor|Any CPU.Build.0 = Editor|Any CPU
		{4269C72A-8D3A-4737-8F89-72EAA33EA9E1}.Editor|Mixed Platforms.ActiveCfg = Release|Any CPU
		{4269C72A-8D3A-4737-8F89-72EAA33EA9E1}.Editor|x86.ActiveCfg = Editor|Any CPU
		{4269C72A-8D3A-4737-8F89-72EAA33EA9E1}.Form Test|Any CPU.ActiveCfg = Form Test|Any CPU
		{4269C72A-8D3A-4737-8F89-72EAA33EA9E1}.Form Test|Any CPU.Build.0 = Form Test|Any CPU
		{4269C72A-8D3A-4737-8F89-72EAA33EA9E1}.Form Test|Mixed Platforms.ActiveCfg = Release|Any CPU
		{4269C72A-8D3A-4737-8F89-72EAA33EA9E1}.Form Test|Mixed Platforms.Build.0 = Release|Any CPU
		{4269C72A-8D3A-4737-8F89-72EAA33EA9E1}.Form Test|x86.ActiveCfg = Form Test|Any CPU
		{4269C72A-8D3A-4737-8F89-72EAA33EA9E1}.Release|Any CPU.ActiveCfg = Release|Any CPU
		{4269C72A-8D3A-4737-8F89-72EAA33EA9E1}.Release|Any CPU.Build.0 = Release|Any CPU
		{4269C72A-8D3A-4737-8F89-72EAA33EA9E1}.Release|Mixed Platforms.ActiveCfg = Release|Any CPU
		{4269C72A-8D3A-4737-8F89-72EAA33EA9E1}.Release|Mixed Platforms.Build.0 = Release|Any CPU
		{4269C72A-8D3A-4737-8F89-72EAA33EA9E1}.Release|x86.ActiveCfg = Release|Any CPU
		{F0F523DA-3085-4BE5-AC09-5F680F0E392E}.Debug|Any CPU.ActiveCfg = Release|Any CPU
		{F0F523DA-3085-4BE5-AC09-5F680F0E392E}.Debug|Any CPU.Build.0 = Release|Any CPU
		{F0F523DA-3085-4BE5-AC09-5F680F0E392E}.Debug|Mixed Platforms.ActiveCfg = Debug|Any CPU
		{F0F523DA-3085-4BE5-AC09-5F680F0E392E}.Debug|Mixed Platforms.Build.0 = Debug|Any CPU
		{F0F523DA-3085-4BE5-AC09-5F680F0E392E}.Debug|x86.ActiveCfg = Debug|Any CPU
		{F0F523DA-3085-4BE5-AC09-5F680F0E392E}.Editor Debug|Any CPU.ActiveCfg = Debug|Any CPU
		{F0F523DA-3085-4BE5-AC09-5F680F0E392E}.Editor Debug|Any CPU.Build.0 = Debug|Any CPU
		{F0F523DA-3085-4BE5-AC09-5F680F0E392E}.Editor Debug|Mixed Platforms.ActiveCfg = Debug|Any CPU
		{F0F523DA-3085-4BE5-AC09-5F680F0E392E}.Editor Debug|Mixed Platforms.Build.0 = Debug|Any CPU
		{F0F523DA-3085-4BE5-AC09-5F680F0E392E}.Editor Debug|x86.ActiveCfg = Debug|Any CPU
		{F0F523DA-3085-4BE5-AC09-5F680F0E392E}.Editor|Any CPU.ActiveCfg = Release|Any CPU
		{F0F523DA-3085-4BE5-AC09-5F680F0E392E}.Editor|Any CPU.Build.0 = Release|Any CPU
		{F0F523DA-3085-4BE5-AC09-5F680F0E392E}.Editor|Mixed Platforms.ActiveCfg = Release|Any CPU
		{F0F523DA-3085-4BE5-AC09-5F680F0E392E}.Editor|x86.ActiveCfg = Release|Any CPU
		{F0F523DA-3085-4BE5-AC09-5F680F0E392E}.Form Test|Any CPU.ActiveCfg = Form Test|Any CPU
		{F0F523DA-3085-4BE5-AC09-5F680F0E392E}.Form Test|Any CPU.Build.0 = Form Test|Any CPU
		{F0F523DA-3085-4BE5-AC09-5F680F0E392E}.Form Test|Mixed Platforms.ActiveCfg = Release|Any CPU
		{F0F523DA-3085-4BE5-AC09-5F680F0E392E}.Form Test|Mixed Platforms.Build.0 = Release|Any CPU
		{F0F523DA-3085-4BE5-AC09-5F680F0E392E}.Form Test|x86.ActiveCfg = Form Test|Any CPU
		{F0F523DA-3085-4BE5-AC09-5F680F0E392E}.Release|Any CPU.ActiveCfg = Release|Any CPU
		{F0F523DA-3085-4BE5-AC09-5F680F0E392E}.Release|Any CPU.Build.0 = Release|Any CPU
		{F0F523DA-3085-4BE5-AC09-5F680F0E392E}.Release|Mixed Platforms.ActiveCfg = Release|Any CPU
		{F0F523DA-3085-4BE5-AC09-5F680F0E392E}.Release|Mixed Platforms.Build.0 = Release|Any CPU
		{F0F523DA-3085-4BE5-AC09-5F680F0E392E}.Release|x86.ActiveCfg = Release|Any CPU
		{7767D3DD-6E1C-419E-9092-F3F3DDDF3D87}.Debug|Any CPU.ActiveCfg = Debug|x86
		{7767D3DD-6E1C-419E-9092-F3F3DDDF3D87}.Debug|Mixed Platforms.ActiveCfg = Debug|x86
		{7767D3DD-6E1C-419E-9092-F3F3DDDF3D87}.Debug|Mixed Platforms.Build.0 = Debug|x86
		{7767D3DD-6E1C-419E-9092-F3F3DDDF3D87}.Debug|x86.ActiveCfg = Debug|x86
		{7767D3DD-6E1C-419E-9092-F3F3DDDF3D87}.Debug|x86.Build.0 = Debug|x86
		{7767D3DD-6E1C-419E-9092-F3F3DDDF3D87}.Editor Debug|Any CPU.ActiveCfg = Debug|x86
		{7767D3DD-6E1C-419E-9092-F3F3DDDF3D87}.Editor Debug|Mixed Platforms.ActiveCfg = Debug|x86
		{7767D3DD-6E1C-419E-9092-F3F3DDDF3D87}.Editor Debug|Mixed Platforms.Build.0 = Debug|x86
		{7767D3DD-6E1C-419E-9092-F3F3DDDF3D87}.Editor Debug|x86.ActiveCfg = Debug|x86
		{7767D3DD-6E1C-419E-9092-F3F3DDDF3D87}.Editor Debug|x86.Build.0 = Debug|x86
		{7767D3DD-6E1C-419E-9092-F3F3DDDF3D87}.Editor|Any CPU.ActiveCfg = Release|x86
		{7767D3DD-6E1C-419E-9092-F3F3DDDF3D87}.Editor|Mixed Platforms.ActiveCfg = Release|x86
		{7767D3DD-6E1C-419E-9092-F3F3DDDF3D87}.Editor|Mixed Platforms.Build.0 = Release|x86
		{7767D3DD-6E1C-419E-9092-F3F3DDDF3D87}.Editor|x86.ActiveCfg = Release|x86
		{7767D3DD-6E1C-419E-9092-F3F3DDDF3D87}.Editor|x86.Build.0 = Release|x86
		{7767D3DD-6E1C-419E-9092-F3F3DDDF3D87}.Form Test|Any CPU.ActiveCfg = Release|x86
		{7767D3DD-6E1C-419E-9092-F3F3DDDF3D87}.Form Test|Mixed Platforms.ActiveCfg = Release|Any CPU
		{7767D3DD-6E1C-419E-9092-F3F3DDDF3D87}.Form Test|Mixed Platforms.Build.0 = Release|Any CPU
		{7767D3DD-6E1C-419E-9092-F3F3DDDF3D87}.Form Test|x86.ActiveCfg = Release|x86
		{7767D3DD-6E1C-419E-9092-F3F3DDDF3D87}.Form Test|x86.Build.0 = Release|x86
		{7767D3DD-6E1C-419E-9092-F3F3DDDF3D87}.Release|Any CPU.ActiveCfg = Release|x86
		{7767D3DD-6E1C-419E-9092-F3F3DDDF3D87}.Release|Mixed Platforms.ActiveCfg = Release|x86
		{7767D3DD-6E1C-419E-9092-F3F3DDDF3D87}.Release|Mixed Platforms.Build.0 = Release|x86
		{7767D3DD-6E1C-419E-9092-F3F3DDDF3D87}.Release|x86.ActiveCfg = Release|x86
		{7767D3DD-6E1C-419E-9092-F3F3DDDF3D87}.Release|x86.Build.0 = Release|x86
		{779D030A-80A5-4D41-90DF-5D4698CB3ED2}.Debug|Any CPU.ActiveCfg = Debug|x86
		{779D030A-80A5-4D41-90DF-5D4698CB3ED2}.Debug|Mixed Platforms.ActiveCfg = Debug|x86
		{779D030A-80A5-4D41-90DF-5D4698CB3ED2}.Debug|Mixed Platforms.Build.0 = Debug|x86
		{779D030A-80A5-4D41-90DF-5D4698CB3ED2}.Debug|x86.ActiveCfg = Debug|x86
		{779D030A-80A5-4D41-90DF-5D4698CB3ED2}.Debug|x86.Build.0 = Debug|x86
		{779D030A-80A5-4D41-90DF-5D4698CB3ED2}.Editor Debug|Any CPU.ActiveCfg = Debug|x86
		{779D030A-80A5-4D41-90DF-5D4698CB3ED2}.Editor Debug|Mixed Platforms.ActiveCfg = Debug|x86
		{779D030A-80A5-4D41-90DF-5D4698CB3ED2}.Editor Debug|Mixed Platforms.Build.0 = Debug|x86
		{779D030A-80A5-4D41-90DF-5D4698CB3ED2}.Editor Debug|x86.ActiveCfg = Debug|x86
		{779D030A-80A5-4D41-90DF-5D4698CB3ED2}.Editor Debug|x86.Build.0 = Debug|x86
		{779D030A-80A5-4D41-90DF-5D4698CB3ED2}.Editor|Any CPU.ActiveCfg = Release|x86
		{779D030A-80A5-4D41-90DF-5D4698CB3ED2}.Editor|Mixed Platforms.ActiveCfg = Release|x86
		{779D030A-80A5-4D41-90DF-5D4698CB3ED2}.Editor|Mixed Platforms.Build.0 = Release|x86
		{779D030A-80A5-4D41-90DF-5D4698CB3ED2}.Editor|x86.ActiveCfg = Release|x86
		{779D030A-80A5-4D41-90DF-5D4698CB3ED2}.Editor|x86.Build.0 = Release|x86
		{779D030A-80A5-4D41-90DF-5D4698CB3ED2}.Form Test|Any CPU.ActiveCfg = Release|x86
		{779D030A-80A5-4D41-90DF-5D4698CB3ED2}.Form Test|Mixed Platforms.ActiveCfg = Release|Any CPU
		{779D030A-80A5-4D41-90DF-5D4698CB3ED2}.Form Test|Mixed Platforms.Build.0 = Release|Any CPU
		{779D030A-80A5-4D41-90DF-5D4698CB3ED2}.Form Test|x86.ActiveCfg = Release|x86
		{779D030A-80A5-4D41-90DF-5D4698CB3ED2}.Form Test|x86.Build.0 = Release|x86
		{779D030A-80A5-4D41-90DF-5D4698CB3ED2}.Release|Any CPU.ActiveCfg = Release|x86
		{779D030A-80A5-4D41-90DF-5D4698CB3ED2}.Release|Mixed Platforms.ActiveCfg = Release|x86
		{779D030A-80A5-4D41-90DF-5D4698CB3ED2}.Release|Mixed Platforms.Build.0 = Release|x86
		{779D030A-80A5-4D41-90DF-5D4698CB3ED2}.Release|x86.ActiveCfg = Release|x86
		{779D030A-80A5-4D41-90DF-5D4698CB3ED2}.Release|x86.Build.0 = Release|x86
		{DA4F02E3-0B5E-42CD-B8D9-5583FA51D66E}.Debug|Any CPU.ActiveCfg = Debug|Any CPU
		{DA4F02E3-0B5E-42CD-B8D9-5583FA51D66E}.Debug|Any CPU.Build.0 = Debug|Any CPU
		{DA4F02E3-0B5E-42CD-B8D9-5583FA51D66E}.Debug|Mixed Platforms.ActiveCfg = Debug|Any CPU
		{DA4F02E3-0B5E-42CD-B8D9-5583FA51D66E}.Debug|Mixed Platforms.Build.0 = Debug|Any CPU
		{DA4F02E3-0B5E-42CD-B8D9-5583FA51D66E}.Debug|x86.ActiveCfg = Debug|Any CPU
		{DA4F02E3-0B5E-42CD-B8D9-5583FA51D66E}.Editor Debug|Any CPU.ActiveCfg = Debug|Any CPU
		{DA4F02E3-0B5E-42CD-B8D9-5583FA51D66E}.Editor Debug|Any CPU.Build.0 = Debug|Any CPU
		{DA4F02E3-0B5E-42CD-B8D9-5583FA51D66E}.Editor Debug|Mixed Platforms.ActiveCfg = Debug|Any CPU
		{DA4F02E3-0B5E-42CD-B8D9-5583FA51D66E}.Editor Debug|Mixed Platforms.Build.0 = Debug|Any CPU
		{DA4F02E3-0B5E-42CD-B8D9-5583FA51D66E}.Editor Debug|x86.ActiveCfg = Debug|Any CPU
		{DA4F02E3-0B5E-42CD-B8D9-5583FA51D66E}.Editor|Any CPU.ActiveCfg = Release|Any CPU
		{DA4F02E3-0B5E-42CD-B8D9-5583FA51D66E}.Editor|Any CPU.Build.0 = Release|Any CPU
		{DA4F02E3-0B5E-42CD-B8D9-5583FA51D66E}.Editor|Mixed Platforms.ActiveCfg = Release|Any CPU
		{DA4F02E3-0B5E-42CD-B8D9-5583FA51D66E}.Editor|Mixed Platforms.Build.0 = Release|Any CPU
		{DA4F02E3-0B5E-42CD-B8D9-5583FA51D66E}.Editor|x86.ActiveCfg = Release|Any CPU
		{DA4F02E3-0B5E-42CD-B8D9-5583FA51D66E}.Form Test|Any CPU.ActiveCfg = Release|Any CPU
		{DA4F02E3-0B5E-42CD-B8D9-5583FA51D66E}.Form Test|Any CPU.Build.0 = Release|Any CPU
		{DA4F02E3-0B5E-42CD-B8D9-5583FA51D66E}.Form Test|Mixed Platforms.ActiveCfg = Release|Any CPU
		{DA4F02E3-0B5E-42CD-B8D9-5583FA51D66E}.Form Test|Mixed Platforms.Build.0 = Release|Any CPU
		{DA4F02E3-0B5E-42CD-B8D9-5583FA51D66E}.Form Test|x86.ActiveCfg = Release|Any CPU
		{DA4F02E3-0B5E-42CD-B8D9-5583FA51D66E}.Release|Any CPU.ActiveCfg = Release|Any CPU
		{DA4F02E3-0B5E-42CD-B8D9-5583FA51D66E}.Release|Any CPU.Build.0 = Release|Any CPU
		{DA4F02E3-0B5E-42CD-B8D9-5583FA51D66E}.Release|Mixed Platforms.ActiveCfg = Release|Any CPU
		{DA4F02E3-0B5E-42CD-B8D9-5583FA51D66E}.Release|Mixed Platforms.Build.0 = Release|Any CPU
		{DA4F02E3-0B5E-42CD-B8D9-5583FA51D66E}.Release|x86.ActiveCfg = Release|Any CPU
		{1868FC77-FD6F-4881-9CF5-DE7451806BFA}.Debug|Any CPU.ActiveCfg = Debug|Any CPU
		{1868FC77-FD6F-4881-9CF5-DE7451806BFA}.Debug|Any CPU.Build.0 = Debug|Any CPU
		{1868FC77-FD6F-4881-9CF5-DE7451806BFA}.Debug|Mixed Platforms.ActiveCfg = Debug|Any CPU
		{1868FC77-FD6F-4881-9CF5-DE7451806BFA}.Debug|Mixed Platforms.Build.0 = Debug|Any CPU
		{1868FC77-FD6F-4881-9CF5-DE7451806BFA}.Debug|x86.ActiveCfg = Debug|Any CPU
		{1868FC77-FD6F-4881-9CF5-DE7451806BFA}.Editor Debug|Any CPU.ActiveCfg = Debug|Any CPU
		{1868FC77-FD6F-4881-9CF5-DE7451806BFA}.Editor Debug|Any CPU.Build.0 = Debug|Any CPU
		{1868FC77-FD6F-4881-9CF5-DE7451806BFA}.Editor Debug|Mixed Platforms.ActiveCfg = Debug|Any CPU
		{1868FC77-FD6F-4881-9CF5-DE7451806BFA}.Editor Debug|Mixed Platforms.Build.0 = Debug|Any CPU
		{1868FC77-FD6F-4881-9CF5-DE7451806BFA}.Editor Debug|x86.ActiveCfg = Debug|Any CPU
		{1868FC77-FD6F-4881-9CF5-DE7451806BFA}.Editor|Any CPU.ActiveCfg = Release|Any CPU
		{1868FC77-FD6F-4881-9CF5-DE7451806BFA}.Editor|Any CPU.Build.0 = Release|Any CPU
		{1868FC77-FD6F-4881-9CF5-DE7451806BFA}.Editor|Mixed Platforms.ActiveCfg = Release|Any CPU
		{1868FC77-FD6F-4881-9CF5-DE7451806BFA}.Editor|Mixed Platforms.Build.0 = Release|Any CPU
		{1868FC77-FD6F-4881-9CF5-DE7451806BFA}.Editor|x86.ActiveCfg = Release|Any CPU
		{1868FC77-FD6F-4881-9CF5-DE7451806BFA}.Form Test|Any CPU.ActiveCfg = Release|Any CPU
		{1868FC77-FD6F-4881-9CF5-DE7451806BFA}.Form Test|Any CPU.Build.0 = Release|Any CPU
		{1868FC77-FD6F-4881-9CF5-DE7451806BFA}.Form Test|Mixed Platforms.ActiveCfg = Release|Any CPU
		{1868FC77-FD6F-4881-9CF5-DE7451806BFA}.Form Test|Mixed Platforms.Build.0 = Release|Any CPU
		{1868FC77-FD6F-4881-9CF5-DE7451806BFA}.Form Test|x86.ActiveCfg = Release|Any CPU
		{1868FC77-FD6F-4881-9CF5-DE7451806BFA}.Release|Any CPU.ActiveCfg = Release|Any CPU
		{1868FC77-FD6F-4881-9CF5-DE7451806BFA}.Release|Any CPU.Build.0 = Release|Any CPU
		{1868FC77-FD6F-4881-9CF5-DE7451806BFA}.Release|Mixed Platforms.ActiveCfg = Release|Any CPU
		{1868FC77-FD6F-4881-9CF5-DE7451806BFA}.Release|Mixed Platforms.Build.0 = Release|Any CPU
		{1868FC77-FD6F-4881-9CF5-DE7451806BFA}.Release|x86.ActiveCfg = Release|Any CPU
		{5B3976E0-4948-45EF-933F-056172687C7C}.Debug|Any CPU.ActiveCfg = Debug|x86
		{5B3976E0-4948-45EF-933F-056172687C7C}.Debug|Mixed Platforms.ActiveCfg = Debug|x86
		{5B3976E0-4948-45EF-933F-056172687C7C}.Debug|Mixed Platforms.Build.0 = Debug|x86
		{5B3976E0-4948-45EF-933F-056172687C7C}.Debug|x86.ActiveCfg = Debug|x86
		{5B3976E0-4948-45EF-933F-056172687C7C}.Debug|x86.Build.0 = Debug|x86
		{5B3976E0-4948-45EF-933F-056172687C7C}.Editor Debug|Any CPU.ActiveCfg = Debug|x86
		{5B3976E0-4948-45EF-933F-056172687C7C}.Editor Debug|Mixed Platforms.ActiveCfg = Debug|x86
		{5B3976E0-4948-45EF-933F-056172687C7C}.Editor Debug|Mixed Platforms.Build.0 = Debug|x86
		{5B3976E0-4948-45EF-933F-056172687C7C}.Editor Debug|x86.ActiveCfg = Debug|x86
		{5B3976E0-4948-45EF-933F-056172687C7C}.Editor Debug|x86.Build.0 = Debug|x86
		{5B3976E0-4948-45EF-933F-056172687C7C}.Editor|Any CPU.ActiveCfg = Release|x86
		{5B3976E0-4948-45EF-933F-056172687C7C}.Editor|Mixed Platforms.ActiveCfg = Release|x86
		{5B3976E0-4948-45EF-933F-056172687C7C}.Editor|Mixed Platforms.Build.0 = Release|x86
		{5B3976E0-4948-45EF-933F-056172687C7C}.Editor|x86.ActiveCfg = Release|x86
		{5B3976E0-4948-45EF-933F-056172687C7C}.Editor|x86.Build.0 = Release|x86
		{5B3976E0-4948-45EF-933F-056172687C7C}.Form Test|Any CPU.ActiveCfg = Release|x86
		{5B3976E0-4948-45EF-933F-056172687C7C}.Form Test|Mixed Platforms.ActiveCfg = Release|x86
		{5B3976E0-4948-45EF-933F-056172687C7C}.Form Test|Mixed Platforms.Build.0 = Release|x86
		{5B3976E0-4948-45EF-933F-056172687C7C}.Form Test|x86.ActiveCfg = Release|x86
		{5B3976E0-4948-45EF-933F-056172687C7C}.Form Test|x86.Build.0 = Release|x86
		{5B3976E0-4948-45EF-933F-056172687C7C}.Release|Any CPU.ActiveCfg = Release|x86
		{5B3976E0-4948-45EF-933F-056172687C7C}.Release|Mixed Platforms.ActiveCfg = Release|x86
		{5B3976E0-4948-45EF-933F-056172687C7C}.Release|Mixed Platforms.Build.0 = Release|x86
		{5B3976E0-4948-45EF-933F-056172687C7C}.Release|x86.ActiveCfg = Release|x86
		{5B3976E0-4948-45EF-933F-056172687C7C}.Release|x86.Build.0 = Release|x86
	EndGlobalSection
	GlobalSection(SolutionProperties) = preSolution
		HideSolutionNode = FALSE
	EndGlobalSection
	GlobalSection(SubversionScc) = preSolution
		Svn-Managed = True
		Manager = AnkhSVN - Subversion Support for Visual Studio
	EndGlobalSection
	GlobalSection(TestCaseManagementSettings) = postSolution
		CategoryFile = ProUpgradeEditor.vsmdi
	EndGlobalSection
EndGlobal
